
Microsoft Visual Studio Solution File, Format Version 12.00
# Visual Studio Version 17
VisualStudioVersion = 17.0.31903.59
MinimumVisualStudioVersion = 10.0.40219.1
Project("{2150E333-8FDC-42A3-9474-1A3956D46DE8}") = "src", "src", "{827E0CD3-B72D-47B6-A68D-7590B98EB39B}"
EndProject
Project("{FAE04EC0-301F-11D3-BF4B-00C04F79EFBC}") = "Example01", "src\Example01\Example01.csproj", "{802220BB-B187-447F-BECC-2F6C855E3E33}"
EndProject
Project("{FAE04EC0-301F-11D3-BF4B-00C04F79EFBC}") = "Example03", "src\Example03\Example03.csproj", "{7F5ABF32-855C-44D0-BDE5-442A861D7847}"
EndProject
Project("{FAE04EC0-301F-11D3-BF4B-00C04F79EFBC}") = "Example02", "src\Example02\Example02.csproj", "{2A42B9A8-52AD-42FC-BB98-BC3E39967DAE}"
EndProject
Project("{FAE04EC0-301F-11D3-BF4B-00C04F79EFBC}") = "Example04", "src\Example04\Example04.csproj", "{49C44E8E-8126-4BD1-B2B8-ECBF8A799FB7}"
EndProject
Project("{2150E333-8FDC-42A3-9474-1A3956D46DE8}") = "files", "files", "{5243D8A6-E477-4E64-8696-31FB293DD663}"
	ProjectSection(SolutionItems) = preProject
		.gitignore = .gitignore
		README.md = README.md
		global.json = global.json
		.editorconfig = .editorconfig
		Directory.Build.props = Directory.Build.props
		Directory.Packages.props = Directory.Packages.props
	EndProjectSection
EndProject
Project("{FAE04EC0-301F-11D3-BF4B-00C04F79EFBC}") = "Example01.Tests", "test\Example01.Tests\Example01.Tests.csproj", "{36A9CF7F-C0F6-4235-9C33-236BA8D247B3}"
EndProject
Project("{2150E333-8FDC-42A3-9474-1A3956D46DE8}") = "test", "test", "{4C28158A-F1C5-4C61-9F92-DAE436A19B7A}"
EndProject
Project("{FAE04EC0-301F-11D3-BF4B-00C04F79EFBC}") = "Example03.Tests", "test\Example03.Tests\Example03.Tests.csproj", "{BEB92881-3E5C-4DE1-BE80-C6FD58402510}"
EndProject
Project("{FAE04EC0-301F-11D3-BF4B-00C04F79EFBC}") = "Example02.Tests", "test\Example02.Tests\Example02.Tests.csproj", "{EB1C4360-51EA-4FD0-A529-FBB7836E32B0}"
EndProject
Project("{FAE04EC0-301F-11D3-BF4B-00C04F79EFBC}") = "Example04.Tests", "test\Example04.Tests\Example04.Tests.csproj", "{D06FF4BE-2737-4A13-AA2C-452E836DF265}"
EndProject
Global
	GlobalSection(SolutionConfigurationPlatforms) = preSolution
		Debug|Any CPU = Debug|Any CPU
		Debug|x64 = Debug|x64
		Debug|x86 = Debug|x86
		Release|Any CPU = Release|Any CPU
		Release|x64 = Release|x64
		Release|x86 = Release|x86
	EndGlobalSection
	GlobalSection(ProjectConfigurationPlatforms) = postSolution
		{802220BB-B187-447F-BECC-2F6C855E3E33}.Debug|Any CPU.ActiveCfg = Debug|Any CPU
		{802220BB-B187-447F-BECC-2F6C855E3E33}.Debug|Any CPU.Build.0 = Debug|Any CPU
		{802220BB-B187-447F-BECC-2F6C855E3E33}.Debug|x64.ActiveCfg = Debug|Any CPU
		{802220BB-B187-447F-BECC-2F6C855E3E33}.Debug|x64.Build.0 = Debug|Any CPU
		{802220BB-B187-447F-BECC-2F6C855E3E33}.Debug|x86.ActiveCfg = Debug|Any CPU
		{802220BB-B187-447F-BECC-2F6C855E3E33}.Debug|x86.Build.0 = Debug|Any CPU
		{802220BB-B187-447F-BECC-2F6C855E3E33}.Release|Any CPU.ActiveCfg = Release|Any CPU
		{802220BB-B187-447F-BECC-2F6C855E3E33}.Release|Any CPU.Build.0 = Release|Any CPU
		{802220BB-B187-447F-BECC-2F6C855E3E33}.Release|x64.ActiveCfg = Release|Any CPU
		{802220BB-B187-447F-BECC-2F6C855E3E33}.Release|x64.Build.0 = Release|Any CPU
		{802220BB-B187-447F-BECC-2F6C855E3E33}.Release|x86.ActiveCfg = Release|Any CPU
		{802220BB-B187-447F-BECC-2F6C855E3E33}.Release|x86.Build.0 = Release|Any CPU
		{7F5ABF32-855C-44D0-BDE5-442A861D7847}.Debug|Any CPU.ActiveCfg = Debug|Any CPU
		{7F5ABF32-855C-44D0-BDE5-442A861D7847}.Debug|Any CPU.Build.0 = Debug|Any CPU
		{7F5ABF32-855C-44D0-BDE5-442A861D7847}.Debug|x64.ActiveCfg = Debug|Any CPU
		{7F5ABF32-855C-44D0-BDE5-442A861D7847}.Debug|x64.Build.0 = Debug|Any CPU
		{7F5ABF32-855C-44D0-BDE5-442A861D7847}.Debug|x86.ActiveCfg = Debug|Any CPU
		{7F5ABF32-855C-44D0-BDE5-442A861D7847}.Debug|x86.Build.0 = Debug|Any CPU
		{7F5ABF32-855C-44D0-BDE5-442A861D7847}.Release|Any CPU.ActiveCfg = Release|Any CPU
		{7F5ABF32-855C-44D0-BDE5-442A861D7847}.Release|Any CPU.Build.0 = Release|Any CPU
		{7F5ABF32-855C-44D0-BDE5-442A861D7847}.Release|x64.ActiveCfg = Release|Any CPU
		{7F5ABF32-855C-44D0-BDE5-442A861D7847}.Release|x64.Build.0 = Release|Any CPU
		{7F5ABF32-855C-44D0-BDE5-442A861D7847}.Release|x86.ActiveCfg = Release|Any CPU
		{7F5ABF32-855C-44D0-BDE5-442A861D7847}.Release|x86.Build.0 = Release|Any CPU
		{2A42B9A8-52AD-42FC-BB98-BC3E39967DAE}.Debug|Any CPU.ActiveCfg = Debug|Any CPU
		{2A42B9A8-52AD-42FC-BB98-BC3E39967DAE}.Debug|Any CPU.Build.0 = Debug|Any CPU
		{2A42B9A8-52AD-42FC-BB98-BC3E39967DAE}.Debug|x64.ActiveCfg = Debug|Any CPU
		{2A42B9A8-52AD-42FC-BB98-BC3E39967DAE}.Debug|x64.Build.0 = Debug|Any CPU
		{2A42B9A8-52AD-42FC-BB98-BC3E39967DAE}.Debug|x86.ActiveCfg = Debug|Any CPU
		{2A42B9A8-52AD-42FC-BB98-BC3E39967DAE}.Debug|x86.Build.0 = Debug|Any CPU
		{2A42B9A8-52AD-42FC-BB98-BC3E39967DAE}.Release|Any CPU.ActiveCfg = Release|Any CPU
		{2A42B9A8-52AD-42FC-BB98-BC3E39967DAE}.Release|Any CPU.Build.0 = Release|Any CPU
		{2A42B9A8-52AD-42FC-BB98-BC3E39967DAE}.Release|x64.ActiveCfg = Release|Any CPU
		{2A42B9A8-52AD-42FC-BB98-BC3E39967DAE}.Release|x64.Build.0 = Release|Any CPU
		{2A42B9A8-52AD-42FC-BB98-BC3E39967DAE}.Release|x86.ActiveCfg = Release|Any CPU
		{2A42B9A8-52AD-42FC-BB98-BC3E39967DAE}.Release|x86.Build.0 = Release|Any CPU
		{49C44E8E-8126-4BD1-B2B8-ECBF8A799FB7}.Debug|Any CPU.ActiveCfg = Debug|Any CPU
		{49C44E8E-8126-4BD1-B2B8-ECBF8A799FB7}.Debug|Any CPU.Build.0 = Debug|Any CPU
		{49C44E8E-8126-4BD1-B2B8-ECBF8A799FB7}.Debug|x64.ActiveCfg = Debug|Any CPU
		{49C44E8E-8126-4BD1-B2B8-ECBF8A799FB7}.Debug|x64.Build.0 = Debug|Any CPU
		{49C44E8E-8126-4BD1-B2B8-ECBF8A799FB7}.Debug|x86.ActiveCfg = Debug|Any CPU
		{49C44E8E-8126-4BD1-B2B8-ECBF8A799FB7}.Debug|x86.Build.0 = Debug|Any CPU
		{49C44E8E-8126-4BD1-B2B8-ECBF8A799FB7}.Release|Any CPU.ActiveCfg = Release|Any CPU
		{49C44E8E-8126-4BD1-B2B8-ECBF8A799FB7}.Release|Any CPU.Build.0 = Release|Any CPU
		{49C44E8E-8126-4BD1-B2B8-ECBF8A799FB7}.Release|x64.ActiveCfg = Release|Any CPU
		{49C44E8E-8126-4BD1-B2B8-ECBF8A799FB7}.Release|x64.Build.0 = Release|Any CPU
		{49C44E8E-8126-4BD1-B2B8-ECBF8A799FB7}.Release|x86.ActiveCfg = Release|Any CPU
		{49C44E8E-8126-4BD1-B2B8-ECBF8A799FB7}.Release|x86.Build.0 = Release|Any CPU
		{36A9CF7F-C0F6-4235-9C33-236BA8D247B3}.Debug|Any CPU.ActiveCfg = Debug|Any CPU
		{36A9CF7F-C0F6-4235-9C33-236BA8D247B3}.Debug|Any CPU.Build.0 = Debug|Any CPU
		{36A9CF7F-C0F6-4235-9C33-236BA8D247B3}.Debug|x64.ActiveCfg = Debug|Any CPU
		{36A9CF7F-C0F6-4235-9C33-236BA8D247B3}.Debug|x64.Build.0 = Debug|Any CPU
		{36A9CF7F-C0F6-4235-9C33-236BA8D247B3}.Debug|x86.ActiveCfg = Debug|Any CPU
		{36A9CF7F-C0F6-4235-9C33-236BA8D247B3}.Debug|x86.Build.0 = Debug|Any CPU
		{36A9CF7F-C0F6-4235-9C33-236BA8D247B3}.Release|Any CPU.ActiveCfg = Release|Any CPU
		{36A9CF7F-C0F6-4235-9C33-236BA8D247B3}.Release|Any CPU.Build.0 = Release|Any CPU
		{36A9CF7F-C0F6-4235-9C33-236BA8D247B3}.Release|x64.ActiveCfg = Release|Any CPU
		{36A9CF7F-C0F6-4235-9C33-236BA8D247B3}.Release|x64.Build.0 = Release|Any CPU
		{36A9CF7F-C0F6-4235-9C33-236BA8D247B3}.Release|x86.ActiveCfg = Release|Any CPU
		{36A9CF7F-C0F6-4235-9C33-236BA8D247B3}.Release|x86.Build.0 = Release|Any CPU
		{BEB92881-3E5C-4DE1-BE80-C6FD58402510}.Debug|Any CPU.ActiveCfg = Debug|Any CPU
		{BEB92881-3E5C-4DE1-BE80-C6FD58402510}.Debug|Any CPU.Build.0 = Debug|Any CPU
		{BEB92881-3E5C-4DE1-BE80-C6FD58402510}.Debug|x64.ActiveCfg = Debug|Any CPU
		{BEB92881-3E5C-4DE1-BE80-C6FD58402510}.Debug|x64.Build.0 = Debug|Any CPU
		{BEB92881-3E5C-4DE1-BE80-C6FD58402510}.Debug|x86.ActiveCfg = Debug|Any CPU
		{BEB92881-3E5C-4DE1-BE80-C6FD58402510}.Debug|x86.Build.0 = Debug|Any CPU
		{BEB92881-3E5C-4DE1-BE80-C6FD58402510}.Release|Any CPU.ActiveCfg = Release|Any CPU
		{BEB92881-3E5C-4DE1-BE80-C6FD58402510}.Release|Any CPU.Build.0 = Release|Any CPU
		{BEB92881-3E5C-4DE1-BE80-C6FD58402510}.Release|x64.ActiveCfg = Release|Any CPU
		{BEB92881-3E5C-4DE1-BE80-C6FD58402510}.Release|x64.Build.0 = Release|Any CPU
		{BEB92881-3E5C-4DE1-BE80-C6FD58402510}.Release|x86.ActiveCfg = Release|Any CPU
		{BEB92881-3E5C-4DE1-BE80-C6FD58402510}.Release|x86.Build.0 = Release|Any CPU
		{EB1C4360-51EA-4FD0-A529-FBB7836E32B0}.Debug|Any CPU.ActiveCfg = Debug|Any CPU
		{EB1C4360-51EA-4FD0-A529-FBB7836E32B0}.Debug|Any CPU.Build.0 = Debug|Any CPU
		{EB1C4360-51EA-4FD0-A529-FBB7836E32B0}.Debug|x64.ActiveCfg = Debug|Any CPU
		{EB1C4360-51EA-4FD0-A529-FBB7836E32B0}.Debug|x64.Build.0 = Debug|Any CPU
		{EB1C4360-51EA-4FD0-A529-FBB7836E32B0}.Debug|x86.ActiveCfg = Debug|Any CPU
		{EB1C4360-51EA-4FD0-A529-FBB7836E32B0}.Debug|x86.Build.0 = Debug|Any CPU
		{EB1C4360-51EA-4FD0-A529-FBB7836E32B0}.Release|Any CPU.ActiveCfg = Release|Any CPU
		{EB1C4360-51EA-4FD0-A529-FBB7836E32B0}.Release|Any CPU.Build.0 = Release|Any CPU
		{EB1C4360-51EA-4FD0-A529-FBB7836E32B0}.Release|x64.ActiveCfg = Release|Any CPU
		{EB1C4360-51EA-4FD0-A529-FBB7836E32B0}.Release|x64.Build.0 = Release|Any CPU
		{EB1C4360-51EA-4FD0-A529-FBB7836E32B0}.Release|x86.ActiveCfg = Release|Any CPU
		{EB1C4360-51EA-4FD0-A529-FBB7836E32B0}.Release|x86.Build.0 = Release|Any CPU
		{D06FF4BE-2737-4A13-AA2C-452E836DF265}.Debug|Any CPU.ActiveCfg = Debug|Any CPU
		{D06FF4BE-2737-4A13-AA2C-452E836DF265}.Debug|Any CPU.Build.0 = Debug|Any CPU
		{D06FF4BE-2737-4A13-AA2C-452E836DF265}.Debug|x64.ActiveCfg = Debug|Any CPU
		{D06FF4BE-2737-4A13-AA2C-452E836DF265}.Debug|x64.Build.0 = Debug|Any CPU
		{D06FF4BE-2737-4A13-AA2C-452E836DF265}.Debug|x86.ActiveCfg = Debug|Any CPU
		{D06FF4BE-2737-4A13-AA2C-452E836DF265}.Debug|x86.Build.0 = Debug|Any CPU
		{D06FF4BE-2737-4A13-AA2C-452E836DF265}.Release|Any CPU.ActiveCfg = Release|Any CPU
		{D06FF4BE-2737-4A13-AA2C-452E836DF265}.Release|Any CPU.Build.0 = Release|Any CPU
		{D06FF4BE-2737-4A13-AA2C-452E836DF265}.Release|x64.ActiveCfg = Release|Any CPU
		{D06FF4BE-2737-4A13-AA2C-452E836DF265}.Release|x64.Build.0 = Release|Any CPU
		{D06FF4BE-2737-4A13-AA2C-452E836DF265}.Release|x86.ActiveCfg = Release|Any CPU
		{D06FF4BE-2737-4A13-AA2C-452E836DF265}.Release|x86.Build.0 = Release|Any CPU
	EndGlobalSection
	GlobalSection(SolutionProperties) = preSolution
		HideSolutionNode = FALSE
	EndGlobalSection
	GlobalSection(NestedProjects) = preSolution
		{802220BB-B187-447F-BECC-2F6C855E3E33} = {827E0CD3-B72D-47B6-A68D-7590B98EB39B}
		{7F5ABF32-855C-44D0-BDE5-442A861D7847} = {827E0CD3-B72D-47B6-A68D-7590B98EB39B}
		{2A42B9A8-52AD-42FC-BB98-BC3E39967DAE} = {827E0CD3-B72D-47B6-A68D-7590B98EB39B}
		{49C44E8E-8126-4BD1-B2B8-ECBF8A799FB7} = {827E0CD3-B72D-47B6-A68D-7590B98EB39B}
		{36A9CF7F-C0F6-4235-9C33-236BA8D247B3} = {4C28158A-F1C5-4C61-9F92-DAE436A19B7A}
		{BEB92881-3E5C-4DE1-BE80-C6FD58402510} = {4C28158A-F1C5-4C61-9F92-DAE436A19B7A}
		{EB1C4360-51EA-4FD0-A529-FBB7836E32B0} = {4C28158A-F1C5-4C61-9F92-DAE436A19B7A}
		{D06FF4BE-2737-4A13-AA2C-452E836DF265} = {4C28158A-F1C5-4C61-9F92-DAE436A19B7A}
	EndGlobalSection
EndGlobal
